
Microsoft Visual Studio Solution File, Format Version 12.00
# Visual Studio Version 17
VisualStudioVersion = 17.9.34714.143
MinimumVisualStudioVersion = 10.0.40219.1
Project("{FAE04EC0-301F-11D3-BF4B-00C04F79EFBC}") = "WpfApp3", "WpfApp3\WpfApp3.csproj", "{6B8688A5-2572-41E6-966E-7CA6C6D25506}"
EndProject
Global
	GlobalSection(SolutionConfigurationPlatforms) = preSolution
		Debug|Any CPU = Debug|Any CPU
		Release|Any CPU = Release|Any CPU
	EndGlobalSection
	GlobalSection(ProjectConfigurationPlatforms) = postSolution
		{6B8688A5-2572-41E6-966E-7CA6C6D25506}.Debug|Any CPU.ActiveCfg = Debug|Any CPU
		{6B8688A5-2572-41E6-966E-7CA6C6D25506}.Debug|Any CPU.Build.0 = Debug|Any CPU
		{6B8688A5-2572-41E6-966E-7CA6C6D25506}.Release|Any CPU.ActiveCfg = Release|Any CPU
		{6B8688A5-2572-41E6-966E-7CA6C6D25506}.Release|Any CPU.Build.0 = Release|Any CPU
	EndGlobalSection
	GlobalSection(SolutionProperties) = preSolution
		HideSolutionNode = FALSE
	EndGlobalSection
	GlobalSection(ExtensibilityGlobals) = postSolution
		SolutionGuid = {804448A0-04B4-4221-98B7-92904A5B1EF9}
	EndGlobalSection
EndGlobal
